<?xml version="1.0" encoding="utf-8"?>
<Project ToolsVersion="4.0" xmlns="http://schemas.microsoft.com/developer/msbuild/2003">
  <ItemGroup>
    <ClCompile Include="Render\Camera.cpp">
      <Filter>Render</Filter>
    </ClCompile>
    <ClCompile Include="Render\Render.cpp">
      <Filter>Render</Filter>
    </ClCompile>
    <ClCompile Include="main.cpp" />
    <ClCompile Include="callbacks.cpp" />
    <ClCompile Include="GravityForce.cpp">
      <Filter>ParticleForces</Filter>
    </ClCompile>
    <ClCompile Include="WhirlwindForce.cpp">
      <Filter>ParticleForces</Filter>
    </ClCompile>
    <ClCompile Include="WindForce.cpp">
      <Filter>ParticleForces</Filter>
    </ClCompile>
    <ClCompile Include="GaussParticleGenerator.cpp">
      <Filter>Particles</Filter>
    </ClCompile>
    <ClCompile Include="Particle.cpp">
      <Filter>Particles</Filter>
    </ClCompile>
    <ClCompile Include="ParticleGenerator.cpp">
      <Filter>Particles</Filter>
    </ClCompile>
    <ClCompile Include="ParticleSystem.cpp">
      <Filter>Particles</Filter>
    </ClCompile>
    <ClCompile Include="Proyectil.cpp">
      <Filter>Particles</Filter>
    </ClCompile>
    <ClCompile Include="UniformParticleGenerator.cpp">
      <Filter>Particles</Filter>
    </ClCompile>
    <ClCompile Include="Scene.cpp">
      <Filter>Scenes</Filter>
    </ClCompile>
    <ClCompile Include="RenderUtils.cpp">
      <Filter>Render</Filter>
    </ClCompile>
    <ClCompile Include="SceneManager.cpp">
      <Filter>Scenes</Filter>
    </ClCompile>
    <ClCompile Include="ExplosionForce.cpp">
      <Filter>ParticleForces</Filter>
    </ClCompile>
    <ClCompile Include="SpringForceGenerator.cpp">
      <Filter>ParticleForces</Filter>
    </ClCompile>
    <ClCompile Include="FixedSpringForceGenerator.cpp">
      <Filter>ParticleForces</Filter>
    </ClCompile>
    <ClCompile Include="SolidGenerator.cpp">
      <Filter>SolidsRigid</Filter>
    </ClCompile>
    <ClCompile Include="FloatingForce.cpp">
      <Filter>ParticleForces</Filter>
    </ClCompile>
    <ClCompile Include="SolidSystem.cpp">
      <Filter>SolidsRigid</Filter>
    </ClCompile>
    <ClCompile Include="ParticleForceRegister.cpp">
      <Filter>Particles</Filter>
    </ClCompile>
    <ClCompile Include="SWindForce.cpp">
      <Filter>SolidForces</Filter>
    </ClCompile>
    <ClCompile Include="SolidForceRegister.cpp">
      <Filter>SolidForces</Filter>
    </ClCompile>
    <ClCompile Include="TorqueForce.cpp">
      <Filter>SolidForces</Filter>
    </ClCompile>
  </ItemGroup>
  <ItemGroup>
    <ClInclude Include="core.hpp" />
    <ClInclude Include="Render\Camera.h">
      <Filter>Render</Filter>
    </ClInclude>
    <ClInclude Include="Render\Render.h">
      <Filter>Render</Filter>
    </ClInclude>
    <ClInclude Include="callbacks.hpp" />
    <ClInclude Include="Vector3D.h" />
    <ClInclude Include="ForceGenerator.h">
      <Filter>ParticleForces</Filter>
    </ClInclude>
    <ClInclude Include="GravityForce.h">
      <Filter>ParticleForces</Filter>
    </ClInclude>
    <ClInclude Include="WhirlwindForce.h">
      <Filter>ParticleForces</Filter>
    </ClInclude>
    <ClInclude Include="WindForce.h">
      <Filter>ParticleForces</Filter>
    </ClInclude>
    <ClInclude Include="GaussParticleGenerator.h">
      <Filter>Particles</Filter>
    </ClInclude>
    <ClInclude Include="Particle.h">
      <Filter>Particles</Filter>
    </ClInclude>
    <ClInclude Include="ParticleGenerator.h">
      <Filter>Particles</Filter>
    </ClInclude>
    <ClInclude Include="ParticleSystem.h">
      <Filter>Particles</Filter>
    </ClInclude>
    <ClInclude Include="Proyectil.h">
      <Filter>Particles</Filter>
    </ClInclude>
    <ClInclude Include="UniformParticleGenerator.h">
      <Filter>Particles</Filter>
    </ClInclude>
    <ClInclude Include="Scene.h">
      <Filter>Scenes</Filter>
    </ClInclude>
    <ClInclude Include="RenderUtils.hpp">
      <Filter>Render</Filter>
    </ClInclude>
    <ClInclude Include="SceneManager.h">
      <Filter>Scenes</Filter>
    </ClInclude>
    <ClInclude Include="ExplosionForce.h">
      <Filter>ParticleForces</Filter>
    </ClInclude>
    <ClInclude Include="SpringForceGenerator.h">
      <Filter>ParticleForces</Filter>
    </ClInclude>
    <ClInclude Include="FixedSpringForceGenerator.h">
      <Filter>ParticleForces</Filter>
    </ClInclude>
    <ClInclude Include="SolidGenerator.h">
      <Filter>SolidsRigid</Filter>
    </ClInclude>
    <ClInclude Include="FloatingForce.h">
      <Filter>ParticleForces</Filter>
    </ClInclude>
    <ClInclude Include="SolidSystem.h">
      <Filter>SolidsRigid</Filter>
    </ClInclude>
    <ClInclude Include="ParticleForceRegister.h">
      <Filter>Particles</Filter>
    </ClInclude>
    <ClInclude Include="SolidForceRegister.h">
      <Filter>SolidForces</Filter>
    </ClInclude>
    <ClInclude Include="SolidForceGenerator.h">
      <Filter>SolidForces</Filter>
    </ClInclude>
    <ClInclude Include="SWindForce.h">
      <Filter>SolidForces</Filter>
    </ClInclude>
    <ClInclude Include="TorqueForce.h">
      <Filter>SolidForces</Filter>
    </ClInclude>
  </ItemGroup>
  <ItemGroup>
    <Filter Include="Render">
      <UniqueIdentifier>{d04b4f9f-5a69-465e-8070-25c6d0bcd3c2}</UniqueIdentifier>
    </Filter>
    <Filter Include="Particles">
      <UniqueIdentifier>{58c952d9-120d-48a5-9036-7c3a158014c2}</UniqueIdentifier>
    </Filter>
    <Filter Include="Scenes">
      <UniqueIdentifier>{2d6d44db-8f76-4364-88a7-0b6c51c2ac18}</UniqueIdentifier>
    </Filter>
    <Filter Include="SolidsRigid">
      <UniqueIdentifier>{ac7ea985-c8c4-4e4a-bc72-960b92421e8f}</UniqueIdentifier>
    </Filter>
    <Filter Include="ParticleForces">
      <UniqueIdentifier>{c8570ab2-fee3-4aaa-919e-c59344cd540a}</UniqueIdentifier>
    </Filter>
    <Filter Include="SolidForces">
      <UniqueIdentifier>{572145b0-21cf-4f03-9e1a-86f6a51e8576}</UniqueIdentifier>
    </Filter>
  </ItemGroup>
</Project>